// !$*UTF8*$!
{
	archiveVersion = 1;
	classes = {
	};
	objectVersion = 52;
	objects = {

/* Begin PBXBuildFile section */
		C7262E9F23BBCC7700240183 /* SwiftyJSON in Frameworks */ = {isa = PBXBuildFile; productRef = C7262E9E23BBCC7700240183 /* SwiftyJSON */; };
		C72C247D23BD39BE0046B09F /* S123Common in Frameworks */ = {isa = PBXBuildFile; productRef = C72C247C23BD39BE0046B09F /* S123Common */; };
		C761C39923BA945200C062DC /* AppDelegate.swift in Sources */ = {isa = PBXBuildFile; fileRef = C761C39823BA945200C062DC /* AppDelegate.swift */; };
		C761C39B23BA945200C062DC /* SceneDelegate.swift in Sources */ = {isa = PBXBuildFile; fileRef = C761C39A23BA945200C062DC /* SceneDelegate.swift */; };
		C761C3A523BA945200C062DC /* Spirit_of_76.xcdatamodeld in Sources */ = {isa = PBXBuildFile; fileRef = C761C3A323BA945200C062DC /* Spirit_of_76.xcdatamodeld */; };
		C761C3A723BA945400C062DC /* Assets.xcassets in Resources */ = {isa = PBXBuildFile; fileRef = C761C3A623BA945400C062DC /* Assets.xcassets */; };
		C761C3AA23BA945400C062DC /* LaunchScreen.storyboard in Resources */ = {isa = PBXBuildFile; fileRef = C761C3A823BA945400C062DC /* LaunchScreen.storyboard */; };
		C761C3B923BABDD500C062DC /* Main.storyboard in Resources */ = {isa = PBXBuildFile; fileRef = C761C3B723BABDD500C062DC /* Main.storyboard */; };
		C784E35923BFEE61001CF71D /* PersonsTableViewController.swift in Sources */ = {isa = PBXBuildFile; fileRef = C784E35823BFEE61001CF71D /* PersonsTableViewController.swift */; };
		C784E35E23C017D3001CF71D /* PersonDetailViewController.swift in Sources */ = {isa = PBXBuildFile; fileRef = C784E35D23C017D3001CF71D /* PersonDetailViewController.swift */; };
		C78BE04823C0FFC60024FB0E /* Person+Enhanced.swift in Sources */ = {isa = PBXBuildFile; fileRef = C78BE04723C0FFC60024FB0E /* Person+Enhanced.swift */; };
		C78BE04A23C1120C0024FB0E /* PrimaryTabBarViewController.swift in Sources */ = {isa = PBXBuildFile; fileRef = C78BE04923C1120C0024FB0E /* PrimaryTabBarViewController.swift */; };
		C7C2D13323BE8E07006802C5 /* JSONHelper.swift in Sources */ = {isa = PBXBuildFile; fileRef = C7C2D13223BE8E07006802C5 /* JSONHelper.swift */; };
		C7EA7F2223BAD5AB00E15CDD /* signerFacts.json in Resources */ = {isa = PBXBuildFile; fileRef = C7EA7F1723BAD5A800E15CDD /* signerFacts.json */; };
		C7EA7F2323BAD5AB00E15CDD /* events.json in Resources */ = {isa = PBXBuildFile; fileRef = C7EA7F1823BAD5A800E15CDD /* events.json */; };
		C7EA7F2423BAD5AB00E15CDD /* cities.json in Resources */ = {isa = PBXBuildFile; fileRef = C7EA7F1923BAD5A800E15CDD /* cities.json */; };
		C7EA7F2523BAD5AB00E15CDD /* signerEducation.json in Resources */ = {isa = PBXBuildFile; fileRef = C7EA7F1A23BAD5A900E15CDD /* signerEducation.json */; };
		C7EA7F2623BAD5AB00E15CDD /* signerProfessions.json in Resources */ = {isa = PBXBuildFile; fileRef = C7EA7F1B23BAD5A900E15CDD /* signerProfessions.json */; };
		C7EA7F2723BAD5AB00E15CDD /* states.json in Resources */ = {isa = PBXBuildFile; fileRef = C7EA7F1C23BAD5A900E15CDD /* states.json */; };
		C7EA7F2823BAD5AB00E15CDD /* signerWritings.json in Resources */ = {isa = PBXBuildFile; fileRef = C7EA7F1D23BAD5A900E15CDD /* signerWritings.json */; };
		C7EA7F2923BAD5AB00E15CDD /* quotes.json in Resources */ = {isa = PBXBuildFile; fileRef = C7EA7F1E23BAD5A900E15CDD /* quotes.json */; };
		C7EA7F2A23BAD5AB00E15CDD /* topics.json in Resources */ = {isa = PBXBuildFile; fileRef = C7EA7F1F23BAD5AA00E15CDD /* topics.json */; };
		C7EA7F2B23BAD5AB00E15CDD /* signers.json in Resources */ = {isa = PBXBuildFile; fileRef = C7EA7F2023BAD5AA00E15CDD /* signers.json */; };
		C7EA7F2C23BAD5AB00E15CDD /* countries.json in Resources */ = {isa = PBXBuildFile; fileRef = C7EA7F2123BAD5AB00E15CDD /* countries.json */; };
		C7EA7F2E23BAD5C300E15CDD /* writings.json in Resources */ = {isa = PBXBuildFile; fileRef = C7EA7F2D23BAD5C300E15CDD /* writings.json */; };
		C7F8D76223C7F1210095E965 /* State+Enhanced.swift in Sources */ = {isa = PBXBuildFile; fileRef = C7F8D76123C7F1210095E965 /* State+Enhanced.swift */; };
/* End PBXBuildFile section */

/* Begin PBXFileReference section */
		C73B199A23BAC65E0047EA7C /* Spirit of 76.entitlements */ = {isa = PBXFileReference; lastKnownFileType = text.plist.entitlements; path = "Spirit of 76.entitlements"; sourceTree = "<group>"; };
		C761C39523BA945200C062DC /* Spirit of 76.app */ = {isa = PBXFileReference; explicitFileType = wrapper.application; includeInIndex = 0; path = "Spirit of 76.app"; sourceTree = BUILT_PRODUCTS_DIR; };
		C761C39823BA945200C062DC /* AppDelegate.swift */ = {isa = PBXFileReference; lastKnownFileType = sourcecode.swift; path = AppDelegate.swift; sourceTree = "<group>"; };
		C761C39A23BA945200C062DC /* SceneDelegate.swift */ = {isa = PBXFileReference; lastKnownFileType = sourcecode.swift; path = SceneDelegate.swift; sourceTree = "<group>"; };
		C761C3A423BA945200C062DC /* Spirit_of_76.xcdatamodel */ = {isa = PBXFileReference; lastKnownFileType = wrapper.xcdatamodel; path = Spirit_of_76.xcdatamodel; sourceTree = "<group>"; };
		C761C3A623BA945400C062DC /* Assets.xcassets */ = {isa = PBXFileReference; lastKnownFileType = folder.assetcatalog; path = Assets.xcassets; sourceTree = "<group>"; };
		C761C3A923BA945400C062DC /* Base */ = {isa = PBXFileReference; lastKnownFileType = file.storyboard; name = Base; path = Base.lproj/LaunchScreen.storyboard; sourceTree = "<group>"; };
		C761C3AB23BA945400C062DC /* Info.plist */ = {isa = PBXFileReference; lastKnownFileType = text.plist.xml; path = Info.plist; sourceTree = "<group>"; };
		C761C3B823BABDD500C062DC /* Base */ = {isa = PBXFileReference; lastKnownFileType = file.storyboard; name = Base; path = Base.lproj/Main.storyboard; sourceTree = "<group>"; };
		C784E35823BFEE61001CF71D /* PersonsTableViewController.swift */ = {isa = PBXFileReference; lastKnownFileType = sourcecode.swift; path = PersonsTableViewController.swift; sourceTree = "<group>"; };
		C784E35D23C017D3001CF71D /* PersonDetailViewController.swift */ = {isa = PBXFileReference; lastKnownFileType = sourcecode.swift; path = PersonDetailViewController.swift; sourceTree = "<group>"; };
		C78BE04723C0FFC60024FB0E /* Person+Enhanced.swift */ = {isa = PBXFileReference; lastKnownFileType = sourcecode.swift; path = "Person+Enhanced.swift"; sourceTree = "<group>"; };
		C78BE04923C1120C0024FB0E /* PrimaryTabBarViewController.swift */ = {isa = PBXFileReference; lastKnownFileType = sourcecode.swift; path = PrimaryTabBarViewController.swift; sourceTree = "<group>"; };
		C7C2D13223BE8E07006802C5 /* JSONHelper.swift */ = {isa = PBXFileReference; lastKnownFileType = sourcecode.swift; path = JSONHelper.swift; sourceTree = "<group>"; };
		C7EA7F1723BAD5A800E15CDD /* signerFacts.json */ = {isa = PBXFileReference; fileEncoding = 4; lastKnownFileType = text.json; path = signerFacts.json; sourceTree = "<group>"; };
		C7EA7F1823BAD5A800E15CDD /* events.json */ = {isa = PBXFileReference; fileEncoding = 4; lastKnownFileType = text.json; path = events.json; sourceTree = "<group>"; };
		C7EA7F1923BAD5A800E15CDD /* cities.json */ = {isa = PBXFileReference; fileEncoding = 4; lastKnownFileType = text.json; path = cities.json; sourceTree = "<group>"; };
		C7EA7F1A23BAD5A900E15CDD /* signerEducation.json */ = {isa = PBXFileReference; fileEncoding = 4; lastKnownFileType = text.json; path = signerEducation.json; sourceTree = "<group>"; };
		C7EA7F1B23BAD5A900E15CDD /* signerProfessions.json */ = {isa = PBXFileReference; fileEncoding = 4; lastKnownFileType = text.json; path = signerProfessions.json; sourceTree = "<group>"; };
		C7EA7F1C23BAD5A900E15CDD /* states.json */ = {isa = PBXFileReference; fileEncoding = 4; lastKnownFileType = text.json; path = states.json; sourceTree = "<group>"; };
		C7EA7F1D23BAD5A900E15CDD /* signerWritings.json */ = {isa = PBXFileReference; fileEncoding = 4; lastKnownFileType = text.json; path = signerWritings.json; sourceTree = "<group>"; };
		C7EA7F1E23BAD5A900E15CDD /* quotes.json */ = {isa = PBXFileReference; fileEncoding = 4; lastKnownFileType = text.json; path = quotes.json; sourceTree = "<group>"; };
		C7EA7F1F23BAD5AA00E15CDD /* topics.json */ = {isa = PBXFileReference; fileEncoding = 4; lastKnownFileType = text.json; path = topics.json; sourceTree = "<group>"; };
		C7EA7F2023BAD5AA00E15CDD /* signers.json */ = {isa = PBXFileReference; fileEncoding = 4; lastKnownFileType = text.json; path = signers.json; sourceTree = "<group>"; };
		C7EA7F2123BAD5AB00E15CDD /* countries.json */ = {isa = PBXFileReference; fileEncoding = 4; lastKnownFileType = text.json; path = countries.json; sourceTree = "<group>"; };
		C7EA7F2D23BAD5C300E15CDD /* writings.json */ = {isa = PBXFileReference; fileEncoding = 4; lastKnownFileType = text.json; path = writings.json; sourceTree = "<group>"; };
		C7F8D76123C7F1210095E965 /* State+Enhanced.swift */ = {isa = PBXFileReference; lastKnownFileType = sourcecode.swift; path = "State+Enhanced.swift"; sourceTree = "<group>"; };
/* End PBXFileReference section */

/* Begin PBXFrameworksBuildPhase section */
		C761C39223BA945200C062DC /* Frameworks */ = {
			isa = PBXFrameworksBuildPhase;
			buildActionMask = 2147483647;
			files = (
				C72C247D23BD39BE0046B09F /* S123Common in Frameworks */,
				C7262E9F23BBCC7700240183 /* SwiftyJSON in Frameworks */,
			);
			runOnlyForDeploymentPostprocessing = 0;
		};
/* End PBXFrameworksBuildPhase section */

/* Begin PBXGroup section */
		C761C38C23BA945200C062DC = {
			isa = PBXGroup;
			children = (
				C761C39723BA945200C062DC /* Spirit of 76 */,
				C761C39623BA945200C062DC /* Products */,
			);
			sourceTree = "<group>";
		};
		C761C39623BA945200C062DC /* Products */ = {
			isa = PBXGroup;
			children = (
				C761C39523BA945200C062DC /* Spirit of 76.app */,
			);
			name = Products;
			sourceTree = "<group>";
		};
		C761C39723BA945200C062DC /* Spirit of 76 */ = {
			isa = PBXGroup;
			children = (
				C73B199A23BAC65E0047EA7C /* Spirit of 76.entitlements */,
				C761C3AB23BA945400C062DC /* Info.plist */,
				C761C39823BA945200C062DC /* AppDelegate.swift */,
				C761C39A23BA945200C062DC /* SceneDelegate.swift */,
				C761C3A623BA945400C062DC /* Assets.xcassets */,
				C761C3B223BAAD1A00C062DC /* Controllers */,
				C7EA7F3923BADCCC00E15CDD /* Extensions */,
				C761C3B323BAAD2B00C062DC /* Model */,
				C7EA7F3523BADBF000E15CDD /* Objects */,
				C7EA7F3823BADC3300E15CDD /* Protocols */,
				C761C3B123BAAD0D00C062DC /* Views */,
			);
			path = "Spirit of 76";
			sourceTree = "<group>";
		};
		C761C3B123BAAD0D00C062DC /* Views */ = {
			isa = PBXGroup;
			children = (
				C761C3A823BA945400C062DC /* LaunchScreen.storyboard */,
				C761C3B723BABDD500C062DC /* Main.storyboard */,
			);
			path = Views;
			sourceTree = "<group>";
		};
		C761C3B223BAAD1A00C062DC /* Controllers */ = {
			isa = PBXGroup;
			children = (
				C784E35C23C0179E001CF71D /* Persons */,
				C78BE04923C1120C0024FB0E /* PrimaryTabBarViewController.swift */,
			);
			path = Controllers;
			sourceTree = "<group>";
		};
		C761C3B323BAAD2B00C062DC /* Model */ = {
			isa = PBXGroup;
			children = (
				C7EA7F1623BAD58F00E15CDD /* JSON */,
				C761C3A323BA945200C062DC /* Spirit_of_76.xcdatamodeld */,
				C78BE04723C0FFC60024FB0E /* Person+Enhanced.swift */,
				C7F8D76123C7F1210095E965 /* State+Enhanced.swift */,
			);
			path = Model;
			sourceTree = "<group>";
		};
		C784E35C23C0179E001CF71D /* Persons */ = {
			isa = PBXGroup;
			children = (
				C784E35823BFEE61001CF71D /* PersonsTableViewController.swift */,
				C784E35D23C017D3001CF71D /* PersonDetailViewController.swift */,
			);
			path = Persons;
			sourceTree = "<group>";
		};
		C7EA7F1623BAD58F00E15CDD /* JSON */ = {
			isa = PBXGroup;
			children = (
				C7EA7F1923BAD5A800E15CDD /* cities.json */,
				C7EA7F2123BAD5AB00E15CDD /* countries.json */,
				C7EA7F1823BAD5A800E15CDD /* events.json */,
				C7EA7F1E23BAD5A900E15CDD /* quotes.json */,
				C7EA7F1A23BAD5A900E15CDD /* signerEducation.json */,
				C7EA7F1723BAD5A800E15CDD /* signerFacts.json */,
				C7EA7F1B23BAD5A900E15CDD /* signerProfessions.json */,
				C7EA7F2023BAD5AA00E15CDD /* signers.json */,
				C7EA7F1D23BAD5A900E15CDD /* signerWritings.json */,
				C7EA7F1C23BAD5A900E15CDD /* states.json */,
				C7EA7F1F23BAD5AA00E15CDD /* topics.json */,
				C7EA7F2D23BAD5C300E15CDD /* writings.json */,
			);
			path = JSON;
			sourceTree = "<group>";
		};
		C7EA7F3523BADBF000E15CDD /* Objects */ = {
			isa = PBXGroup;
			children = (
				C7C2D13223BE8E07006802C5 /* JSONHelper.swift */,
			);
			path = Objects;
			sourceTree = "<group>";
		};
		C7EA7F3823BADC3300E15CDD /* Protocols */ = {
			isa = PBXGroup;
			children = (
			);
			path = Protocols;
			sourceTree = "<group>";
		};
		C7EA7F3923BADCCC00E15CDD /* Extensions */ = {
			isa = PBXGroup;
			children = (
			);
			path = Extensions;
			sourceTree = "<group>";
		};
/* End PBXGroup section */

/* Begin PBXNativeTarget section */
		C761C39423BA945200C062DC /* Spirit of 76 */ = {
			isa = PBXNativeTarget;
			buildConfigurationList = C761C3AE23BA945400C062DC /* Build configuration list for PBXNativeTarget "Spirit of 76" */;
			buildPhases = (
				C761C39123BA945200C062DC /* Sources */,
				C761C39223BA945200C062DC /* Frameworks */,
				C761C39323BA945200C062DC /* Resources */,
			);
			buildRules = (
			);
			dependencies = (
			);
			name = "Spirit of 76";
			packageProductDependencies = (
				C7262E9E23BBCC7700240183 /* SwiftyJSON */,
				C72C247C23BD39BE0046B09F /* S123Common */,
			);
			productName = "Spirit of 76";
			productReference = C761C39523BA945200C062DC /* Spirit of 76.app */;
			productType = "com.apple.product-type.application";
		};
/* End PBXNativeTarget section */

/* Begin PBXProject section */
		C761C38D23BA945200C062DC /* Project object */ = {
			isa = PBXProject;
			attributes = {
				LastSwiftUpdateCheck = 1130;
				LastUpgradeCheck = 1130;
				ORGANIZATIONNAME = "Tim W. Newton";
				TargetAttributes = {
					C761C39423BA945200C062DC = {
						CreatedOnToolsVersion = 11.3;
					};
				};
			};
			buildConfigurationList = C761C39023BA945200C062DC /* Build configuration list for PBXProject "Spirit of 76" */;
			compatibilityVersion = "Xcode 9.3";
			developmentRegion = en;
			hasScannedForEncodings = 0;
			knownRegions = (
				en,
				Base,
			);
			mainGroup = C761C38C23BA945200C062DC;
			packageReferences = (
				C7262E9D23BBCC7700240183 /* XCRemoteSwiftPackageReference "SwiftyJSON" */,
				C72C247B23BD39BE0046B09F /* XCRemoteSwiftPackageReference "S123Common" */,
			);
			productRefGroup = C761C39623BA945200C062DC /* Products */;
			projectDirPath = "";
			projectRoot = "";
			targets = (
				C761C39423BA945200C062DC /* Spirit of 76 */,
			);
		};
/* End PBXProject section */

/* Begin PBXResourcesBuildPhase section */
		C761C39323BA945200C062DC /* Resources */ = {
			isa = PBXResourcesBuildPhase;
			buildActionMask = 2147483647;
			files = (
				C7EA7F2823BAD5AB00E15CDD /* signerWritings.json in Resources */,
				C7EA7F2B23BAD5AB00E15CDD /* signers.json in Resources */,
				C7EA7F2A23BAD5AB00E15CDD /* topics.json in Resources */,
				C7EA7F2423BAD5AB00E15CDD /* cities.json in Resources */,
				C761C3B923BABDD500C062DC /* Main.storyboard in Resources */,
				C7EA7F2523BAD5AB00E15CDD /* signerEducation.json in Resources */,
				C7EA7F2223BAD5AB00E15CDD /* signerFacts.json in Resources */,
				C7EA7F2323BAD5AB00E15CDD /* events.json in Resources */,
				C7EA7F2E23BAD5C300E15CDD /* writings.json in Resources */,
				C7EA7F2623BAD5AB00E15CDD /* signerProfessions.json in Resources */,
				C7EA7F2923BAD5AB00E15CDD /* quotes.json in Resources */,
				C761C3AA23BA945400C062DC /* LaunchScreen.storyboard in Resources */,
				C761C3A723BA945400C062DC /* Assets.xcassets in Resources */,
				C7EA7F2C23BAD5AB00E15CDD /* countries.json in Resources */,
				C7EA7F2723BAD5AB00E15CDD /* states.json in Resources */,
			);
			runOnlyForDeploymentPostprocessing = 0;
		};
/* End PBXResourcesBuildPhase section */

/* Begin PBXSourcesBuildPhase section */
		C761C39123BA945200C062DC /* Sources */ = {
			isa = PBXSourcesBuildPhase;
			buildActionMask = 2147483647;
			files = (
				C7C2D13323BE8E07006802C5 /* JSONHelper.swift in Sources */,
				C7F8D76223C7F1210095E965 /* State+Enhanced.swift in Sources */,
				C78BE04A23C1120C0024FB0E /* PrimaryTabBarViewController.swift in Sources */,
				C761C39923BA945200C062DC /* AppDelegate.swift in Sources */,
				C784E35E23C017D3001CF71D /* PersonDetailViewController.swift in Sources */,
				C784E35923BFEE61001CF71D /* PersonsTableViewController.swift in Sources */,
				C761C39B23BA945200C062DC /* SceneDelegate.swift in Sources */,
				C78BE04823C0FFC60024FB0E /* Person+Enhanced.swift in Sources */,
				C761C3A523BA945200C062DC /* Spirit_of_76.xcdatamodeld in Sources */,
			);
			runOnlyForDeploymentPostprocessing = 0;
		};
/* End PBXSourcesBuildPhase section */

/* Begin PBXVariantGroup section */
		C761C3A823BA945400C062DC /* LaunchScreen.storyboard */ = {
			isa = PBXVariantGroup;
			children = (
				C761C3A923BA945400C062DC /* Base */,
			);
			name = LaunchScreen.storyboard;
			sourceTree = "<group>";
		};
		C761C3B723BABDD500C062DC /* Main.storyboard */ = {
			isa = PBXVariantGroup;
			children = (
				C761C3B823BABDD500C062DC /* Base */,
			);
			name = Main.storyboard;
			sourceTree = "<group>";
		};
/* End PBXVariantGroup section */

/* Begin XCBuildConfiguration section */
		C761C3AC23BA945400C062DC /* Debug */ = {
			isa = XCBuildConfiguration;
			buildSettings = {
				ALWAYS_SEARCH_USER_PATHS = NO;
				CLANG_ANALYZER_NONNULL = YES;
				CLANG_ANALYZER_NUMBER_OBJECT_CONVERSION = YES_AGGRESSIVE;
				CLANG_CXX_LANGUAGE_STANDARD = "gnu++14";
				CLANG_CXX_LIBRARY = "libc++";
				CLANG_ENABLE_MODULES = YES;
				CLANG_ENABLE_OBJC_ARC = YES;
				CLANG_ENABLE_OBJC_WEAK = YES;
				CLANG_WARN_BLOCK_CAPTURE_AUTORELEASING = YES;
				CLANG_WARN_BOOL_CONVERSION = YES;
				CLANG_WARN_COMMA = YES;
				CLANG_WARN_CONSTANT_CONVERSION = YES;
				CLANG_WARN_DEPRECATED_OBJC_IMPLEMENTATIONS = YES;
				CLANG_WARN_DIRECT_OBJC_ISA_USAGE = YES_ERROR;
				CLANG_WARN_DOCUMENTATION_COMMENTS = YES;
				CLANG_WARN_EMPTY_BODY = YES;
				CLANG_WARN_ENUM_CONVERSION = YES;
				CLANG_WARN_INFINITE_RECURSION = YES;
				CLANG_WARN_INT_CONVERSION = YES;
				CLANG_WARN_NON_LITERAL_NULL_CONVERSION = YES;
				CLANG_WARN_OBJC_IMPLICIT_RETAIN_SELF = YES;
				CLANG_WARN_OBJC_LITERAL_CONVERSION = YES;
				CLANG_WARN_OBJC_ROOT_CLASS = YES_ERROR;
				CLANG_WARN_RANGE_LOOP_ANALYSIS = YES;
				CLANG_WARN_STRICT_PROTOTYPES = YES;
				CLANG_WARN_SUSPICIOUS_MOVE = YES;
				CLANG_WARN_UNGUARDED_AVAILABILITY = YES_AGGRESSIVE;
				CLANG_WARN_UNREACHABLE_CODE = YES;
				CLANG_WARN__DUPLICATE_METHOD_MATCH = YES;
				COPY_PHASE_STRIP = NO;
				DEBUG_INFORMATION_FORMAT = dwarf;
				ENABLE_STRICT_OBJC_MSGSEND = YES;
				ENABLE_TESTABILITY = YES;
				GCC_C_LANGUAGE_STANDARD = gnu11;
				GCC_DYNAMIC_NO_PIC = NO;
				GCC_NO_COMMON_BLOCKS = YES;
				GCC_OPTIMIZATION_LEVEL = 0;
				GCC_PREPROCESSOR_DEFINITIONS = (
					"DEBUG=1",
					"$(inherited)",
				);
				GCC_WARN_64_TO_32_BIT_CONVERSION = YES;
				GCC_WARN_ABOUT_RETURN_TYPE = YES_ERROR;
				GCC_WARN_UNDECLARED_SELECTOR = YES;
				GCC_WARN_UNINITIALIZED_AUTOS = YES_AGGRESSIVE;
				GCC_WARN_UNUSED_FUNCTION = YES;
				GCC_WARN_UNUSED_VARIABLE = YES;
				IPHONEOS_DEPLOYMENT_TARGET = 13.2;
				MTL_ENABLE_DEBUG_INFO = INCLUDE_SOURCE;
				MTL_FAST_MATH = YES;
				ONLY_ACTIVE_ARCH = YES;
				SDKROOT = iphoneos;
				SWIFT_ACTIVE_COMPILATION_CONDITIONS = DEBUG;
				SWIFT_OPTIMIZATION_LEVEL = "-Onone";
			};
			name = Debug;
		};
		C761C3AD23BA945400C062DC /* Release */ = {
			isa = XCBuildConfiguration;
			buildSettings = {
				ALWAYS_SEARCH_USER_PATHS = NO;
				CLANG_ANALYZER_NONNULL = YES;
				CLANG_ANALYZER_NUMBER_OBJECT_CONVERSION = YES_AGGRESSIVE;
				CLANG_CXX_LANGUAGE_STANDARD = "gnu++14";
				CLANG_CXX_LIBRARY = "libc++";
				CLANG_ENABLE_MODULES = YES;
				CLANG_ENABLE_OBJC_ARC = YES;
				CLANG_ENABLE_OBJC_WEAK = YES;
				CLANG_WARN_BLOCK_CAPTURE_AUTORELEASING = YES;
				CLANG_WARN_BOOL_CONVERSION = YES;
				CLANG_WARN_COMMA = YES;
				CLANG_WARN_CONSTANT_CONVERSION = YES;
				CLANG_WARN_DEPRECATED_OBJC_IMPLEMENTATIONS = YES;
				CLANG_WARN_DIRECT_OBJC_ISA_USAGE = YES_ERROR;
				CLANG_WARN_DOCUMENTATION_COMMENTS = YES;
				CLANG_WARN_EMPTY_BODY = YES;
				CLANG_WARN_ENUM_CONVERSION = YES;
				CLANG_WARN_INFINITE_RECURSION = YES;
				CLANG_WARN_INT_CONVERSION = YES;
				CLANG_WARN_NON_LITERAL_NULL_CONVERSION = YES;
				CLANG_WARN_OBJC_IMPLICIT_RETAIN_SELF = YES;
				CLANG_WARN_OBJC_LITERAL_CONVERSION = YES;
				CLANG_WARN_OBJC_ROOT_CLASS = YES_ERROR;
				CLANG_WARN_RANGE_LOOP_ANALYSIS = YES;
				CLANG_WARN_STRICT_PROTOTYPES = YES;
				CLANG_WARN_SUSPICIOUS_MOVE = YES;
				CLANG_WARN_UNGUARDED_AVAILABILITY = YES_AGGRESSIVE;
				CLANG_WARN_UNREACHABLE_CODE = YES;
				CLANG_WARN__DUPLICATE_METHOD_MATCH = YES;
				COPY_PHASE_STRIP = NO;
				DEBUG_INFORMATION_FORMAT = "dwarf-with-dsym";
				ENABLE_NS_ASSERTIONS = NO;
				ENABLE_STRICT_OBJC_MSGSEND = YES;
				GCC_C_LANGUAGE_STANDARD = gnu11;
				GCC_NO_COMMON_BLOCKS = YES;
				GCC_WARN_64_TO_32_BIT_CONVERSION = YES;
				GCC_WARN_ABOUT_RETURN_TYPE = YES_ERROR;
				GCC_WARN_UNDECLARED_SELECTOR = YES;
				GCC_WARN_UNINITIALIZED_AUTOS = YES_AGGRESSIVE;
				GCC_WARN_UNUSED_FUNCTION = YES;
				GCC_WARN_UNUSED_VARIABLE = YES;
				IPHONEOS_DEPLOYMENT_TARGET = 13.2;
				MTL_ENABLE_DEBUG_INFO = NO;
				MTL_FAST_MATH = YES;
				SDKROOT = iphoneos;
				SWIFT_COMPILATION_MODE = wholemodule;
				SWIFT_OPTIMIZATION_LEVEL = "-O";
				VALIDATE_PRODUCT = YES;
			};
			name = Release;
		};
		C761C3AF23BA945400C062DC /* Debug */ = {
			isa = XCBuildConfiguration;
			buildSettings = {
				ASSETCATALOG_COMPILER_APPICON_NAME = AppIcon;
				CODE_SIGN_ENTITLEMENTS = "Spirit of 76/Spirit of 76.entitlements";
				CODE_SIGN_STYLE = Automatic;
				CURRENT_PROJECT_VERSION = 11;
				DERIVE_MACCATALYST_PRODUCT_BUNDLE_IDENTIFIER = YES;
				DEVELOPMENT_TEAM = LT2J4Q2FPW;
				INFOPLIST_FILE = "Spirit of 76/Info.plist";
				LD_RUNPATH_SEARCH_PATHS = (
					"$(inherited)",
					"@executable_path/Frameworks",
				);
				MARKETING_VERSION = 1.0.0;
				PRODUCT_BUNDLE_IDENTIFIER = "us.eduserve.Spirit-of-76";
				PRODUCT_NAME = "$(TARGET_NAME)";
				SUPPORTS_MACCATALYST = YES;
				SWIFT_VERSION = 5.0;
				TARGETED_DEVICE_FAMILY = "1,2";
			};
			name = Debug;
		};
		C761C3B023BA945400C062DC /* Release */ = {
			isa = XCBuildConfiguration;
			buildSettings = {
				ASSETCATALOG_COMPILER_APPICON_NAME = AppIcon;
				CODE_SIGN_ENTITLEMENTS = "Spirit of 76/Spirit of 76.entitlements";
				CODE_SIGN_STYLE = Automatic;
				CURRENT_PROJECT_VERSION = 11;
				DERIVE_MACCATALYST_PRODUCT_BUNDLE_IDENTIFIER = YES;
				DEVELOPMENT_TEAM = LT2J4Q2FPW;
				INFOPLIST_FILE = "Spirit of 76/Info.plist";
				LD_RUNPATH_SEARCH_PATHS = (
					"$(inherited)",
					"@executable_path/Frameworks",
				);
				MARKETING_VERSION = 1.0.0;
				PRODUCT_BUNDLE_IDENTIFIER = "us.eduserve.Spirit-of-76";
				PRODUCT_NAME = "$(TARGET_NAME)";
				SUPPORTS_MACCATALYST = YES;
				SWIFT_VERSION = 5.0;
				TARGETED_DEVICE_FAMILY = "1,2";
			};
			name = Release;
		};
/* End XCBuildConfiguration section */

/* Begin XCConfigurationList section */
		C761C39023BA945200C062DC /* Build configuration list for PBXProject "Spirit of 76" */ = {
			isa = XCConfigurationList;
			buildConfigurations = (
				C761C3AC23BA945400C062DC /* Debug */,
				C761C3AD23BA945400C062DC /* Release */,
			);
			defaultConfigurationIsVisible = 0;
			defaultConfigurationName = Release;
		};
		C761C3AE23BA945400C062DC /* Build configuration list for PBXNativeTarget "Spirit of 76" */ = {
			isa = XCConfigurationList;
			buildConfigurations = (
				C761C3AF23BA945400C062DC /* Debug */,
				C761C3B023BA945400C062DC /* Release */,
			);
			defaultConfigurationIsVisible = 0;
			defaultConfigurationName = Release;
		};
/* End XCConfigurationList section */

/* Begin XCRemoteSwiftPackageReference section */
		C7262E9D23BBCC7700240183 /* XCRemoteSwiftPackageReference "SwiftyJSON" */ = {
			isa = XCRemoteSwiftPackageReference;
			repositoryURL = "https://github.com/SwiftyJSON/SwiftyJSON.git";
			requirement = {
				kind = upToNextMajorVersion;
				minimumVersion = 5.0.0;
			};
		};
		C72C247B23BD39BE0046B09F /* XCRemoteSwiftPackageReference "S123Common" */ = {
			isa = XCRemoteSwiftPackageReference;
			repositoryURL = "https://github.com/software123inc/S123Common.git";
			requirement = {
				kind = upToNextMajorVersion;
				minimumVersion = 1.1.0;
			};
		};
/* End XCRemoteSwiftPackageReference section */

/* Begin XCSwiftPackageProductDependency section */
		C7262E9E23BBCC7700240183 /* SwiftyJSON */ = {
			isa = XCSwiftPackageProductDependency;
			package = C7262E9D23BBCC7700240183 /* XCRemoteSwiftPackageReference "SwiftyJSON" */;
			productName = SwiftyJSON;
		};
		C72C247C23BD39BE0046B09F /* S123Common */ = {
			isa = XCSwiftPackageProductDependency;
			package = C72C247B23BD39BE0046B09F /* XCRemoteSwiftPackageReference "S123Common" */;
			productName = S123Common;
		};
/* End XCSwiftPackageProductDependency section */

/* Begin XCVersionGroup section */
		C761C3A323BA945200C062DC /* Spirit_of_76.xcdatamodeld */ = {
			isa = XCVersionGroup;
			children = (
				C761C3A423BA945200C062DC /* Spirit_of_76.xcdatamodel */,
			);
			currentVersion = C761C3A423BA945200C062DC /* Spirit_of_76.xcdatamodel */;
			path = Spirit_of_76.xcdatamodeld;
			sourceTree = "<group>";
			versionGroupType = wrapper.xcdatamodel;
		};
/* End XCVersionGroup section */
	};
	rootObject = C761C38D23BA945200C062DC /* Project object */;
}
